
Microsoft Visual Studio Solution File, Format Version 12.00
# Visual Studio Version 17
VisualStudioVersion = 17.5.002.0
MinimumVisualStudioVersion = 10.0.40219.1
Project("{9A19103F-16F7-4668-BE54-9A1E7A4F7556}") = "winForms", "winForms.csproj", "{220AFAE8-BBE0-45C5-A6BE-793FE71A0665}"
EndProject
Global
	GlobalSection(SolutionConfigurationPlatforms) = preSolution
		Debug|Any CPU = Debug|Any CPU
		Release|Any CPU = Release|Any CPU
	EndGlobalSection
	GlobalSection(ProjectConfigurationPlatforms) = postSolution
		{220AFAE8-BBE0-45C5-A6BE-793FE71A0665}.Debug|Any CPU.ActiveCfg = Debug|Any CPU
		{220AFAE8-BBE0-45C5-A6BE-793FE71A0665}.Debug|Any CPU.Build.0 = Debug|Any CPU
		{220AFAE8-BBE0-45C5-A6BE-793FE71A0665}.Release|Any CPU.ActiveCfg = Release|Any CPU
		{220AFAE8-BBE0-45C5-A6BE-793FE71A0665}.Release|Any CPU.Build.0 = Release|Any CPU
	EndGlobalSection
	GlobalSection(SolutionProperties) = preSolution
		HideSolutionNode = FALSE
	EndGlobalSection
	GlobalSection(ExtensibilityGlobals) = postSolution
		SolutionGuid = {10EA630D-5932-4D0F-8BB7-D7B9A5336589}
	EndGlobalSection
EndGlobal
